
Microsoft Visual Studio Solution File, Format Version 12.00
# Visual Studio 15
VisualStudioVersion = 15.0.28307.1622
MinimumVisualStudioVersion = 10.0.40219.1
Project("{FAE04EC0-301F-11D3-BF4B-00C04F79EFBC}") = "RESIDENCIAV1", "RESIDENCIAV1.csproj", "{119F1EF6-FA35-4AD0-BB11-EC56A764126F}"
EndProject
Global
	GlobalSection(SolutionConfigurationPlatforms) = preSolution
		Debug|Any CPU = Debug|Any CPU
		Release|Any CPU = Release|Any CPU
	EndGlobalSection
	GlobalSection(ProjectConfigurationPlatforms) = postSolution
		{119F1EF6-FA35-4AD0-BB11-EC56A764126F}.Debug|Any CPU.ActiveCfg = Debug|Any CPU
		{119F1EF6-FA35-4AD0-BB11-EC56A764126F}.Debug|Any CPU.Build.0 = Debug|Any CPU
		{119F1EF6-FA35-4AD0-BB11-EC56A764126F}.Release|Any CPU.ActiveCfg = Release|Any CPU
		{119F1EF6-FA35-4AD0-BB11-EC56A764126F}.Release|Any CPU.Build.0 = Release|Any CPU
	EndGlobalSection
	GlobalSection(SolutionProperties) = preSolution
		HideSolutionNode = FALSE
	EndGlobalSection
	GlobalSection(ExtensibilityGlobals) = postSolution
		SolutionGuid = {09305C1A-111C-4D2F-9BE0-5CD314E189BE}
	EndGlobalSection
EndGlobal
